
Microsoft Visual Studio Solution File, Format Version 12.00
# Visual Studio Version 16
VisualStudioVersion = 16.0.31911.196
MinimumVisualStudioVersion = 10.0.40219.1
Project("{FAE04EC0-301F-11D3-BF4B-00C04F79EFBC}") = "book_cSharp", "book_cSharp\book_cSharp.csproj", "{49CA7C55-930D-42A9-A219-D23D298BDA1C}"
EndProject
Global
	GlobalSection(SolutionConfigurationPlatforms) = preSolution
		Debug|Any CPU = Debug|Any CPU
		Release|Any CPU = Release|Any CPU
	EndGlobalSection
	GlobalSection(ProjectConfigurationPlatforms) = postSolution
		{49CA7C55-930D-42A9-A219-D23D298BDA1C}.Debug|Any CPU.ActiveCfg = Debug|Any CPU
		{49CA7C55-930D-42A9-A219-D23D298BDA1C}.Debug|Any CPU.Build.0 = Debug|Any CPU
		{49CA7C55-930D-42A9-A219-D23D298BDA1C}.Release|Any CPU.ActiveCfg = Release|Any CPU
		{49CA7C55-930D-42A9-A219-D23D298BDA1C}.Release|Any CPU.Build.0 = Release|Any CPU
	EndGlobalSection
	GlobalSection(SolutionProperties) = preSolution
		HideSolutionNode = FALSE
	EndGlobalSection
	GlobalSection(ExtensibilityGlobals) = postSolution
		SolutionGuid = {0BCF6521-606C-4D61-9600-B0F6C2897398}
	EndGlobalSection
EndGlobal
